// !$*UTF8*$!
{
	archiveVersion = 1;
	classes = {
	};
	objectVersion = 50;
	objects = {

/* Begin PBXBuildFile section */
		182A095E260AD41000C4CC90 /* EPAuth.swift in Sources */ = {isa = PBXBuildFile; fileRef = 182A095D260AD41000C4CC90 /* EPAuth.swift */; };
		182A0961260AD42200C4CC90 /* AuthBackend.swift in Sources */ = {isa = PBXBuildFile; fileRef = 182A0960260AD42200C4CC90 /* AuthBackend.swift */; };
		182A0965260AD50C00C4CC90 /* AdminView.swift in Sources */ = {isa = PBXBuildFile; fileRef = 182A0964260AD50C00C4CC90 /* AdminView.swift */; };
		182A0968260AD52900C4CC90 /* EPAdmin.swift in Sources */ = {isa = PBXBuildFile; fileRef = 182A0967260AD52900C4CC90 /* EPAdmin.swift */; };
		182A096B260AD55200C4CC90 /* Admins.swift in Sources */ = {isa = PBXBuildFile; fileRef = 182A096A260AD55200C4CC90 /* Admins.swift */; };
		182A096E260AD5E200C4CC90 /* ArticleView.swift in Sources */ = {isa = PBXBuildFile; fileRef = 182A096D260AD5E200C4CC90 /* ArticleView.swift */; };
		182A0972260C12BA00C4CC90 /* NewArticleView.swift in Sources */ = {isa = PBXBuildFile; fileRef = 182A0971260C12BA00C4CC90 /* NewArticleView.swift */; };
		182A097E2616ACD400C4CC90 /* EPBulletin.swift in Sources */ = {isa = PBXBuildFile; fileRef = 182A097D2616ACD400C4CC90 /* EPBulletin.swift */; };
		182A09812616AD4800C4CC90 /* BulletinBackend.swift in Sources */ = {isa = PBXBuildFile; fileRef = 182A09802616AD4800C4CC90 /* BulletinBackend.swift */; };
		1855DA0D2607AA6600144486 /* OpenSans-SemiBold.ttf in Resources */ = {isa = PBXBuildFile; fileRef = 1855DA0C2607AA6500144486 /* OpenSans-SemiBold.ttf */; };
		1855DA172607AA7200144486 /* OpenSans-Regular.ttf in Resources */ = {isa = PBXBuildFile; fileRef = 1855DA162607AA7200144486 /* OpenSans-Regular.ttf */; };
		1855DA1E2607AA7F00144486 /* OpenSans-Bold.ttf in Resources */ = {isa = PBXBuildFile; fileRef = 1855DA1D2607AA7F00144486 /* OpenSans-Bold.ttf */; };
		1855DA432607BB2600144486 /* EPNews.swift in Sources */ = {isa = PBXBuildFile; fileRef = 1855DA422607BB2600144486 /* EPNews.swift */; };
		1855DA462607BB7600144486 /* NewsBackend.swift in Sources */ = {isa = PBXBuildFile; fileRef = 1855DA452607BB7600144486 /* NewsBackend.swift */; };
		1855DA492607CA7200144486 /* icomoon.ttf in Resources */ = {isa = PBXBuildFile; fileRef = 1855DA482607CA7100144486 /* icomoon.ttf */; };
		18867C1D25F7325F0063D16A /* EagleNation_macOSApp.swift in Sources */ = {isa = PBXBuildFile; fileRef = 18867C1C25F7325F0063D16A /* EagleNation_macOSApp.swift */; };
		18867C2125F732630063D16A /* Assets.xcassets in Resources */ = {isa = PBXBuildFile; fileRef = 18867C2025F732630063D16A /* Assets.xcassets */; };
		18867C2425F732630063D16A /* Preview Assets.xcassets in Resources */ = {isa = PBXBuildFile; fileRef = 18867C2325F732630063D16A /* Preview Assets.xcassets */; };
		18867C5125F7333A0063D16A /* AuthView.swift in Sources */ = {isa = PBXBuildFile; fileRef = 18867C4E25F7333A0063D16A /* AuthView.swift */; };
		18867C5225F7333A0063D16A /* MainBackend.swift in Sources */ = {isa = PBXBuildFile; fileRef = 18867C4F25F7333A0063D16A /* MainBackend.swift */; };
		18867C5325F7333A0063D16A /* MainView.swift in Sources */ = {isa = PBXBuildFile; fileRef = 18867C5025F7333A0063D16A /* MainView.swift */; };
		18867C5825F734040063D16A /* MainCommunication.swift in Sources */ = {isa = PBXBuildFile; fileRef = 18867C5725F734040063D16A /* MainCommunication.swift */; };
		18A0A5F426266711007D52B0 /* NavContentView.swift in Sources */ = {isa = PBXBuildFile; fileRef = 18A0A5F326266711007D52B0 /* NavContentView.swift */; };
		18D7B1BE25FB4B4B00083983 /* NewsView.swift in Sources */ = {isa = PBXBuildFile; fileRef = 18D7B1BD25FB4B4B00083983 /* NewsView.swift */; };
		18D7B1C825FB4CEE00083983 /* BulletinView.swift in Sources */ = {isa = PBXBuildFile; fileRef = 18D7B1C725FB4CEE00083983 /* BulletinView.swift */; };
		18D7B1CD25FB4D0000083983 /* ClubsView.swift in Sources */ = {isa = PBXBuildFile; fileRef = 18D7B1CC25FB4D0000083983 /* ClubsView.swift */; };
		18D7B1D225FB4D1900083983 /* ScheduleView.swift in Sources */ = {isa = PBXBuildFile; fileRef = 18D7B1D125FB4D1900083983 /* ScheduleView.swift */; };
		18D7B1D725FB4D2300083983 /* CalendarView.swift in Sources */ = {isa = PBXBuildFile; fileRef = 18D7B1D625FB4D2300083983 /* CalendarView.swift */; };
/* End PBXBuildFile section */

/* Begin PBXFileReference section */
		182A095D260AD41000C4CC90 /* EPAuth.swift */ = {isa = PBXFileReference; lastKnownFileType = sourcecode.swift; path = EPAuth.swift; sourceTree = "<group>"; };
		182A0960260AD42200C4CC90 /* AuthBackend.swift */ = {isa = PBXFileReference; lastKnownFileType = sourcecode.swift; path = AuthBackend.swift; sourceTree = "<group>"; };
		182A0964260AD50C00C4CC90 /* AdminView.swift */ = {isa = PBXFileReference; lastKnownFileType = sourcecode.swift; path = AdminView.swift; sourceTree = "<group>"; };
		182A0967260AD52900C4CC90 /* EPAdmin.swift */ = {isa = PBXFileReference; lastKnownFileType = sourcecode.swift; path = EPAdmin.swift; sourceTree = "<group>"; };
		182A096A260AD55200C4CC90 /* Admins.swift */ = {isa = PBXFileReference; lastKnownFileType = sourcecode.swift; path = Admins.swift; sourceTree = "<group>"; };
		182A096D260AD5E200C4CC90 /* ArticleView.swift */ = {isa = PBXFileReference; lastKnownFileType = sourcecode.swift; path = ArticleView.swift; sourceTree = "<group>"; };
		182A0971260C12BA00C4CC90 /* NewArticleView.swift */ = {isa = PBXFileReference; lastKnownFileType = sourcecode.swift; path = NewArticleView.swift; sourceTree = "<group>"; };
		182A097D2616ACD400C4CC90 /* EPBulletin.swift */ = {isa = PBXFileReference; lastKnownFileType = sourcecode.swift; path = EPBulletin.swift; sourceTree = "<group>"; };
		182A09802616AD4800C4CC90 /* BulletinBackend.swift */ = {isa = PBXFileReference; lastKnownFileType = sourcecode.swift; path = BulletinBackend.swift; sourceTree = "<group>"; };
		1855DA0C2607AA6500144486 /* OpenSans-SemiBold.ttf */ = {isa = PBXFileReference; lastKnownFileType = file; path = "OpenSans-SemiBold.ttf"; sourceTree = "<group>"; };
		1855DA162607AA7200144486 /* OpenSans-Regular.ttf */ = {isa = PBXFileReference; lastKnownFileType = file; path = "OpenSans-Regular.ttf"; sourceTree = "<group>"; };
		1855DA1D2607AA7F00144486 /* OpenSans-Bold.ttf */ = {isa = PBXFileReference; lastKnownFileType = file; path = "OpenSans-Bold.ttf"; sourceTree = "<group>"; };
		1855DA422607BB2600144486 /* EPNews.swift */ = {isa = PBXFileReference; lastKnownFileType = sourcecode.swift; path = EPNews.swift; sourceTree = "<group>"; };
		1855DA452607BB7600144486 /* NewsBackend.swift */ = {isa = PBXFileReference; lastKnownFileType = sourcecode.swift; path = NewsBackend.swift; sourceTree = "<group>"; };
		1855DA482607CA7100144486 /* icomoon.ttf */ = {isa = PBXFileReference; lastKnownFileType = file; path = icomoon.ttf; sourceTree = "<group>"; };
		18867C1925F7325F0063D16A /* EagleNation-macOS.app */ = {isa = PBXFileReference; explicitFileType = wrapper.application; includeInIndex = 0; path = "EagleNation-macOS.app"; sourceTree = BUILT_PRODUCTS_DIR; };
		18867C1C25F7325F0063D16A /* EagleNation_macOSApp.swift */ = {isa = PBXFileReference; lastKnownFileType = sourcecode.swift; path = EagleNation_macOSApp.swift; sourceTree = "<group>"; };
		18867C2025F732630063D16A /* Assets.xcassets */ = {isa = PBXFileReference; lastKnownFileType = folder.assetcatalog; path = Assets.xcassets; sourceTree = "<group>"; };
		18867C2325F732630063D16A /* Preview Assets.xcassets */ = {isa = PBXFileReference; lastKnownFileType = folder.assetcatalog; path = "Preview Assets.xcassets"; sourceTree = "<group>"; };
		18867C2525F732630063D16A /* Info.plist */ = {isa = PBXFileReference; lastKnownFileType = text.plist.xml; path = Info.plist; sourceTree = "<group>"; };
		18867C2625F732630063D16A /* EagleNation_macOS.entitlements */ = {isa = PBXFileReference; lastKnownFileType = text.plist.entitlements; path = EagleNation_macOS.entitlements; sourceTree = "<group>"; };
		18867C4E25F7333A0063D16A /* AuthView.swift */ = {isa = PBXFileReference; fileEncoding = 4; lastKnownFileType = sourcecode.swift; path = AuthView.swift; sourceTree = "<group>"; };
		18867C4F25F7333A0063D16A /* MainBackend.swift */ = {isa = PBXFileReference; fileEncoding = 4; lastKnownFileType = sourcecode.swift; path = MainBackend.swift; sourceTree = "<group>"; };
		18867C5025F7333A0063D16A /* MainView.swift */ = {isa = PBXFileReference; fileEncoding = 4; lastKnownFileType = sourcecode.swift; path = MainView.swift; sourceTree = "<group>"; };
		18867C5725F734040063D16A /* MainCommunication.swift */ = {isa = PBXFileReference; lastKnownFileType = sourcecode.swift; path = MainCommunication.swift; sourceTree = "<group>"; };
		18A0A5F326266711007D52B0 /* NavContentView.swift */ = {isa = PBXFileReference; lastKnownFileType = sourcecode.swift; path = NavContentView.swift; sourceTree = "<group>"; };
		18D7B1BD25FB4B4B00083983 /* NewsView.swift */ = {isa = PBXFileReference; lastKnownFileType = sourcecode.swift; path = NewsView.swift; sourceTree = "<group>"; };
		18D7B1C725FB4CEE00083983 /* BulletinView.swift */ = {isa = PBXFileReference; lastKnownFileType = sourcecode.swift; path = BulletinView.swift; sourceTree = "<group>"; };
		18D7B1CC25FB4D0000083983 /* ClubsView.swift */ = {isa = PBXFileReference; lastKnownFileType = sourcecode.swift; path = ClubsView.swift; sourceTree = "<group>"; };
		18D7B1D125FB4D1900083983 /* ScheduleView.swift */ = {isa = PBXFileReference; lastKnownFileType = sourcecode.swift; path = ScheduleView.swift; sourceTree = "<group>"; };
		18D7B1D625FB4D2300083983 /* CalendarView.swift */ = {isa = PBXFileReference; lastKnownFileType = sourcecode.swift; path = CalendarView.swift; sourceTree = "<group>"; };
/* End PBXFileReference section */

/* Begin PBXFrameworksBuildPhase section */
		18867C1625F7325F0063D16A /* Frameworks */ = {
			isa = PBXFrameworksBuildPhase;
			buildActionMask = 2147483647;
			files = (
			);
			runOnlyForDeploymentPostprocessing = 0;
		};
/* End PBXFrameworksBuildPhase section */

/* Begin PBXGroup section */
		182A0963260AD4E900C4CC90 /* Administration */ = {
			isa = PBXGroup;
			children = (
				182A0964260AD50C00C4CC90 /* AdminView.swift */,
				182A0967260AD52900C4CC90 /* EPAdmin.swift */,
				182A096A260AD55200C4CC90 /* Admins.swift */,
			);
			path = Administration;
			sourceTree = "<group>";
		};
		1855D9E72605113500144486 /* News */ = {
			isa = PBXGroup;
			children = (
				18D7B1BD25FB4B4B00083983 /* NewsView.swift */,
				1855DA422607BB2600144486 /* EPNews.swift */,
				1855DA452607BB7600144486 /* NewsBackend.swift */,
				182A0971260C12BA00C4CC90 /* NewArticleView.swift */,
				182A096D260AD5E200C4CC90 /* ArticleView.swift */,
			);
			path = News;
			sourceTree = "<group>";
		};
		1855D9E82605114A00144486 /* Bulletin */ = {
			isa = PBXGroup;
			children = (
				18D7B1C725FB4CEE00083983 /* BulletinView.swift */,
				182A097D2616ACD400C4CC90 /* EPBulletin.swift */,
				182A09802616AD4800C4CC90 /* BulletinBackend.swift */,
			);
			path = Bulletin;
			sourceTree = "<group>";
		};
		1855D9E92605116600144486 /* Clubs */ = {
			isa = PBXGroup;
			children = (
				18D7B1CC25FB4D0000083983 /* ClubsView.swift */,
			);
			path = Clubs;
			sourceTree = "<group>";
		};
		1855D9EA2605117500144486 /* Schedule */ = {
			isa = PBXGroup;
			children = (
				18D7B1D125FB4D1900083983 /* ScheduleView.swift */,
			);
			path = Schedule;
			sourceTree = "<group>";
		};
		1855D9EB2605119100144486 /* Calendar */ = {
			isa = PBXGroup;
			children = (
				18D7B1D625FB4D2300083983 /* CalendarView.swift */,
			);
			path = Calendar;
			sourceTree = "<group>";
		};
		1855DA0B2607AA2300144486 /* Fonts */ = {
			isa = PBXGroup;
			children = (
				1855DA162607AA7200144486 /* OpenSans-Regular.ttf */,
				1855DA0C2607AA6500144486 /* OpenSans-SemiBold.ttf */,
				1855DA1D2607AA7F00144486 /* OpenSans-Bold.ttf */,
				1855DA482607CA7100144486 /* icomoon.ttf */,
			);
			path = Fonts;
			sourceTree = "<group>";
		};
		18867C1025F7325F0063D16A = {
			isa = PBXGroup;
			children = (
				18867C1B25F7325F0063D16A /* EagleNation-macOS */,
				18867C1A25F7325F0063D16A /* Products */,
			);
			sourceTree = "<group>";
		};
		18867C1A25F7325F0063D16A /* Products */ = {
			isa = PBXGroup;
			children = (
				18867C1925F7325F0063D16A /* EagleNation-macOS.app */,
			);
			name = Products;
			sourceTree = "<group>";
		};
		18867C1B25F7325F0063D16A /* EagleNation-macOS */ = {
			isa = PBXGroup;
			children = (
				18867C5025F7333A0063D16A /* MainView.swift */,
				18867C5725F734040063D16A /* MainCommunication.swift */,
				18867C4F25F7333A0063D16A /* MainBackend.swift */,
				18A0A5F326266711007D52B0 /* NavContentView.swift */,
				18867C1C25F7325F0063D16A /* EagleNation_macOSApp.swift */,
				1855D9E72605113500144486 /* News */,
				1855D9E82605114A00144486 /* Bulletin */,
				1855D9E92605116600144486 /* Clubs */,
				1855D9EA2605117500144486 /* Schedule */,
				1855D9EB2605119100144486 /* Calendar */,
				18D7B1E125FBE6BD00083983 /* Authentication */,
				182A0963260AD4E900C4CC90 /* Administration */,
				18867C2025F732630063D16A /* Assets.xcassets */,
				1855DA0B2607AA2300144486 /* Fonts */,
				18867C2525F732630063D16A /* Info.plist */,
				18867C2625F732630063D16A /* EagleNation_macOS.entitlements */,
				18867C2225F732630063D16A /* Preview Content */,
			);
			path = "EagleNation-macOS";
			sourceTree = "<group>";
		};
		18867C2225F732630063D16A /* Preview Content */ = {
			isa = PBXGroup;
			children = (
				18867C2325F732630063D16A /* Preview Assets.xcassets */,
			);
			path = "Preview Content";
			sourceTree = "<group>";
		};
		18D7B1E125FBE6BD00083983 /* Authentication */ = {
			isa = PBXGroup;
			children = (
				18867C4E25F7333A0063D16A /* AuthView.swift */,
				182A095D260AD41000C4CC90 /* EPAuth.swift */,
				182A0960260AD42200C4CC90 /* AuthBackend.swift */,
			);
			path = Authentication;
			sourceTree = "<group>";
		};
/* End PBXGroup section */

/* Begin PBXNativeTarget section */
		18867C1825F7325F0063D16A /* EagleNation-macOS */ = {
			isa = PBXNativeTarget;
			buildConfigurationList = 18867C3F25F732630063D16A /* Build configuration list for PBXNativeTarget "EagleNation-macOS" */;
			buildPhases = (
				18867C1525F7325F0063D16A /* Sources */,
				18867C1625F7325F0063D16A /* Frameworks */,
				18867C1725F7325F0063D16A /* Resources */,
			);
			buildRules = (
			);
			dependencies = (
			);
			name = "EagleNation-macOS";
			productName = "EagleNation-macOS";
			productReference = 18867C1925F7325F0063D16A /* EagleNation-macOS.app */;
			productType = "com.apple.product-type.application";
		};
/* End PBXNativeTarget section */

/* Begin PBXProject section */
		18867C1125F7325F0063D16A /* Project object */ = {
			isa = PBXProject;
			attributes = {
				LastSwiftUpdateCheck = 1230;
				LastUpgradeCheck = 1230;
				TargetAttributes = {
					18867C1825F7325F0063D16A = {
						CreatedOnToolsVersion = 12.3;
					};
				};
			};
			buildConfigurationList = 18867C1425F7325F0063D16A /* Build configuration list for PBXProject "EagleNation-macOS" */;
			compatibilityVersion = "Xcode 9.3";
			developmentRegion = en;
			hasScannedForEncodings = 0;
			knownRegions = (
				en,
				Base,
			);
			mainGroup = 18867C1025F7325F0063D16A;
			productRefGroup = 18867C1A25F7325F0063D16A /* Products */;
			projectDirPath = "";
			projectRoot = "";
			targets = (
				18867C1825F7325F0063D16A /* EagleNation-macOS */,
			);
		};
/* End PBXProject section */

/* Begin PBXResourcesBuildPhase section */
		18867C1725F7325F0063D16A /* Resources */ = {
			isa = PBXResourcesBuildPhase;
			buildActionMask = 2147483647;
			files = (
				18867C2425F732630063D16A /* Preview Assets.xcassets in Resources */,
				1855DA0D2607AA6600144486 /* OpenSans-SemiBold.ttf in Resources */,
				1855DA172607AA7200144486 /* OpenSans-Regular.ttf in Resources */,
				1855DA492607CA7200144486 /* icomoon.ttf in Resources */,
				1855DA1E2607AA7F00144486 /* OpenSans-Bold.ttf in Resources */,
				18867C2125F732630063D16A /* Assets.xcassets in Resources */,
			);
			runOnlyForDeploymentPostprocessing = 0;
		};
/* End PBXResourcesBuildPhase section */

/* Begin PBXSourcesBuildPhase section */
		18867C1525F7325F0063D16A /* Sources */ = {
			isa = PBXSourcesBuildPhase;
			buildActionMask = 2147483647;
			files = (
				182A096E260AD5E200C4CC90 /* ArticleView.swift in Sources */,
				18D7B1D725FB4D2300083983 /* CalendarView.swift in Sources */,
				1855DA462607BB7600144486 /* NewsBackend.swift in Sources */,
				1855DA432607BB2600144486 /* EPNews.swift in Sources */,
				18867C5225F7333A0063D16A /* MainBackend.swift in Sources */,
				18D7B1C825FB4CEE00083983 /* BulletinView.swift in Sources */,
				182A0972260C12BA00C4CC90 /* NewArticleView.swift in Sources */,
				182A09812616AD4800C4CC90 /* BulletinBackend.swift in Sources */,
				182A097E2616ACD400C4CC90 /* EPBulletin.swift in Sources */,
				18867C5325F7333A0063D16A /* MainView.swift in Sources */,
				182A0968260AD52900C4CC90 /* EPAdmin.swift in Sources */,
				182A095E260AD41000C4CC90 /* EPAuth.swift in Sources */,
				18867C5125F7333A0063D16A /* AuthView.swift in Sources */,
				18D7B1BE25FB4B4B00083983 /* NewsView.swift in Sources */,
				18D7B1D225FB4D1900083983 /* ScheduleView.swift in Sources */,
				182A096B260AD55200C4CC90 /* Admins.swift in Sources */,
				18867C1D25F7325F0063D16A /* EagleNation_macOSApp.swift in Sources */,
				18D7B1CD25FB4D0000083983 /* ClubsView.swift in Sources */,
				182A0961260AD42200C4CC90 /* AuthBackend.swift in Sources */,
				18867C5825F734040063D16A /* MainCommunication.swift in Sources */,
				18A0A5F426266711007D52B0 /* NavContentView.swift in Sources */,
				182A0965260AD50C00C4CC90 /* AdminView.swift in Sources */,
			);
			runOnlyForDeploymentPostprocessing = 0;
		};
/* End PBXSourcesBuildPhase section */

/* Begin XCBuildConfiguration section */
		18867C3D25F732630063D16A /* Debug */ = {
			isa = XCBuildConfiguration;
			buildSettings = {
				ALWAYS_SEARCH_USER_PATHS = NO;
				CLANG_ANALYZER_NONNULL = YES;
				CLANG_ANALYZER_NUMBER_OBJECT_CONVERSION = YES_AGGRESSIVE;
				CLANG_CXX_LANGUAGE_STANDARD = "gnu++14";
				CLANG_CXX_LIBRARY = "libc++";
				CLANG_ENABLE_MODULES = YES;
				CLANG_ENABLE_OBJC_ARC = YES;
				CLANG_ENABLE_OBJC_WEAK = YES;
				CLANG_WARN_BLOCK_CAPTURE_AUTORELEASING = YES;
				CLANG_WARN_BOOL_CONVERSION = YES;
				CLANG_WARN_COMMA = YES;
				CLANG_WARN_CONSTANT_CONVERSION = YES;
				CLANG_WARN_DEPRECATED_OBJC_IMPLEMENTATIONS = YES;
				CLANG_WARN_DIRECT_OBJC_ISA_USAGE = YES_ERROR;
				CLANG_WARN_DOCUMENTATION_COMMENTS = YES;
				CLANG_WARN_EMPTY_BODY = YES;
				CLANG_WARN_ENUM_CONVERSION = YES;
				CLANG_WARN_INFINITE_RECURSION = YES;
				CLANG_WARN_INT_CONVERSION = YES;
				CLANG_WARN_NON_LITERAL_NULL_CONVERSION = YES;
				CLANG_WARN_OBJC_IMPLICIT_RETAIN_SELF = YES;
				CLANG_WARN_OBJC_LITERAL_CONVERSION = YES;
				CLANG_WARN_OBJC_ROOT_CLASS = YES_ERROR;
				CLANG_WARN_QUOTED_INCLUDE_IN_FRAMEWORK_HEADER = YES;
				CLANG_WARN_RANGE_LOOP_ANALYSIS = YES;
				CLANG_WARN_STRICT_PROTOTYPES = YES;
				CLANG_WARN_SUSPICIOUS_MOVE = YES;
				CLANG_WARN_UNGUARDED_AVAILABILITY = YES_AGGRESSIVE;
				CLANG_WARN_UNREACHABLE_CODE = YES;
				CLANG_WARN__DUPLICATE_METHOD_MATCH = YES;
				COPY_PHASE_STRIP = NO;
				DEBUG_INFORMATION_FORMAT = dwarf;
				ENABLE_STRICT_OBJC_MSGSEND = YES;
				ENABLE_TESTABILITY = YES;
				GCC_C_LANGUAGE_STANDARD = gnu11;
				GCC_DYNAMIC_NO_PIC = NO;
				GCC_NO_COMMON_BLOCKS = YES;
				GCC_OPTIMIZATION_LEVEL = 0;
				GCC_PREPROCESSOR_DEFINITIONS = (
					"DEBUG=1",
					"$(inherited)",
				);
				GCC_WARN_64_TO_32_BIT_CONVERSION = YES;
				GCC_WARN_ABOUT_RETURN_TYPE = YES_ERROR;
				GCC_WARN_UNDECLARED_SELECTOR = YES;
				GCC_WARN_UNINITIALIZED_AUTOS = YES_AGGRESSIVE;
				GCC_WARN_UNUSED_FUNCTION = YES;
				GCC_WARN_UNUSED_VARIABLE = YES;
				MACOSX_DEPLOYMENT_TARGET = 11.0;
				MTL_ENABLE_DEBUG_INFO = INCLUDE_SOURCE;
				MTL_FAST_MATH = YES;
				ONLY_ACTIVE_ARCH = YES;
				SDKROOT = macosx;
				SWIFT_ACTIVE_COMPILATION_CONDITIONS = DEBUG;
				SWIFT_OPTIMIZATION_LEVEL = "-Onone";
			};
			name = Debug;
		};
		18867C3E25F732630063D16A /* Release */ = {
			isa = XCBuildConfiguration;
			buildSettings = {
				ALWAYS_SEARCH_USER_PATHS = NO;
				CLANG_ANALYZER_NONNULL = YES;
				CLANG_ANALYZER_NUMBER_OBJECT_CONVERSION = YES_AGGRESSIVE;
				CLANG_CXX_LANGUAGE_STANDARD = "gnu++14";
				CLANG_CXX_LIBRARY = "libc++";
				CLANG_ENABLE_MODULES = YES;
				CLANG_ENABLE_OBJC_ARC = YES;
				CLANG_ENABLE_OBJC_WEAK = YES;
				CLANG_WARN_BLOCK_CAPTURE_AUTORELEASING = YES;
				CLANG_WARN_BOOL_CONVERSION = YES;
				CLANG_WARN_COMMA = YES;
				CLANG_WARN_CONSTANT_CONVERSION = YES;
				CLANG_WARN_DEPRECATED_OBJC_IMPLEMENTATIONS = YES;
				CLANG_WARN_DIRECT_OBJC_ISA_USAGE = YES_ERROR;
				CLANG_WARN_DOCUMENTATION_COMMENTS = YES;
				CLANG_WARN_EMPTY_BODY = YES;
				CLANG_WARN_ENUM_CONVERSION = YES;
				CLANG_WARN_INFINITE_RECURSION = YES;
				CLANG_WARN_INT_CONVERSION = YES;
				CLANG_WARN_NON_LITERAL_NULL_CONVERSION = YES;
				CLANG_WARN_OBJC_IMPLICIT_RETAIN_SELF = YES;
				CLANG_WARN_OBJC_LITERAL_CONVERSION = YES;
				CLANG_WARN_OBJC_ROOT_CLASS = YES_ERROR;
				CLANG_WARN_QUOTED_INCLUDE_IN_FRAMEWORK_HEADER = YES;
				CLANG_WARN_RANGE_LOOP_ANALYSIS = YES;
				CLANG_WARN_STRICT_PROTOTYPES = YES;
				CLANG_WARN_SUSPICIOUS_MOVE = YES;
				CLANG_WARN_UNGUARDED_AVAILABILITY = YES_AGGRESSIVE;
				CLANG_WARN_UNREACHABLE_CODE = YES;
				CLANG_WARN__DUPLICATE_METHOD_MATCH = YES;
				COPY_PHASE_STRIP = NO;
				DEBUG_INFORMATION_FORMAT = "dwarf-with-dsym";
				ENABLE_NS_ASSERTIONS = NO;
				ENABLE_STRICT_OBJC_MSGSEND = YES;
				GCC_C_LANGUAGE_STANDARD = gnu11;
				GCC_NO_COMMON_BLOCKS = YES;
				GCC_WARN_64_TO_32_BIT_CONVERSION = YES;
				GCC_WARN_ABOUT_RETURN_TYPE = YES_ERROR;
				GCC_WARN_UNDECLARED_SELECTOR = YES;
				GCC_WARN_UNINITIALIZED_AUTOS = YES_AGGRESSIVE;
				GCC_WARN_UNUSED_FUNCTION = YES;
				GCC_WARN_UNUSED_VARIABLE = YES;
				MACOSX_DEPLOYMENT_TARGET = 11.0;
				MTL_ENABLE_DEBUG_INFO = NO;
				MTL_FAST_MATH = YES;
				SDKROOT = macosx;
				SWIFT_COMPILATION_MODE = wholemodule;
				SWIFT_OPTIMIZATION_LEVEL = "-O";
			};
			name = Release;
		};
		18867C4025F732630063D16A /* Debug */ = {
			isa = XCBuildConfiguration;
			buildSettings = {
				ASSETCATALOG_COMPILER_APPICON_NAME = AppIcon;
				ASSETCATALOG_COMPILER_GLOBAL_ACCENT_COLOR_NAME = AccentColor;
				CODE_SIGN_ENTITLEMENTS = "EagleNation-macOS/EagleNation_macOS.entitlements";
				CODE_SIGN_STYLE = Automatic;
				COMBINE_HIDPI_IMAGES = YES;
				DEVELOPMENT_ASSET_PATHS = "\"EagleNation-macOS/Preview Content\"";
				DEVELOPMENT_TEAM = 883DK65VTV;
				ENABLE_HARDENED_RUNTIME = YES;
				ENABLE_PREVIEWS = YES;
				INFOPLIST_FILE = "EagleNation-macOS/Info.plist";
				LD_RUNPATH_SEARCH_PATHS = (
					"$(inherited)",
					"@executable_path/../Frameworks",
				);
				MACOSX_DEPLOYMENT_TARGET = 11.0;
				PRODUCT_BUNDLE_IDENTIFIER = "edu.ephs.EagleNation-macOS";
				PRODUCT_NAME = "$(TARGET_NAME)";
				SWIFT_VERSION = 5.0;
			};
			name = Debug;
		};
		18867C4125F732630063D16A /* Release */ = {
			isa = XCBuildConfiguration;
			buildSettings = {
				ASSETCATALOG_COMPILER_APPICON_NAME = AppIcon;
				ASSETCATALOG_COMPILER_GLOBAL_ACCENT_COLOR_NAME = AccentColor;
				CODE_SIGN_ENTITLEMENTS = "EagleNation-macOS/EagleNation_macOS.entitlements";
				CODE_SIGN_STYLE = Automatic;
				COMBINE_HIDPI_IMAGES = YES;
				DEVELOPMENT_ASSET_PATHS = "\"EagleNation-macOS/Preview Content\"";
				DEVELOPMENT_TEAM = 883DK65VTV;
				ENABLE_HARDENED_RUNTIME = YES;
				ENABLE_PREVIEWS = YES;
				INFOPLIST_FILE = "EagleNation-macOS/Info.plist";
				LD_RUNPATH_SEARCH_PATHS = (
					"$(inherited)",
					"@executable_path/../Frameworks",
				);
				MACOSX_DEPLOYMENT_TARGET = 11.0;
				PRODUCT_BUNDLE_IDENTIFIER = "edu.ephs.EagleNation-macOS";
				PRODUCT_NAME = "$(TARGET_NAME)";
				SWIFT_VERSION = 5.0;
			};
			name = Release;
		};
/* End XCBuildConfiguration section */

/* Begin XCConfigurationList section */
		18867C1425F7325F0063D16A /* Build configuration list for PBXProject "EagleNation-macOS" */ = {
			isa = XCConfigurationList;
			buildConfigurations = (
				18867C3D25F732630063D16A /* Debug */,
				18867C3E25F732630063D16A /* Release */,
			);
			defaultConfigurationIsVisible = 0;
			defaultConfigurationName = Release;
		};
		18867C3F25F732630063D16A /* Build configuration list for PBXNativeTarget "EagleNation-macOS" */ = {
			isa = XCConfigurationList;
			buildConfigurations = (
				18867C4025F732630063D16A /* Debug */,
				18867C4125F732630063D16A /* Release */,
			);
			defaultConfigurationIsVisible = 0;
			defaultConfigurationName = Release;
		};
/* End XCConfigurationList section */
	};
	rootObject = 18867C1125F7325F0063D16A /* Project object */;
}
